
Microsoft Visual Studio Solution File, Format Version 12.00
# Visual Studio Version 17
VisualStudioVersion = 17.3.32825.248
MinimumVisualStudioVersion = 10.0.40219.1
Project("{FAE04EC0-301F-11D3-BF4B-00C04F79EFBC}") = "TeorProg2", "TeorProg2\TeorProg2.csproj", "{2F461B43-0232-48A8-8980-DE806D268041}"
EndProject
Global
	GlobalSection(SolutionConfigurationPlatforms) = preSolution
		Debug|Any CPU = Debug|Any CPU
		Release|Any CPU = Release|Any CPU
	EndGlobalSection
	GlobalSection(ProjectConfigurationPlatforms) = postSolution
		{2F461B43-0232-48A8-8980-DE806D268041}.Debug|Any CPU.ActiveCfg = Debug|Any CPU
		{2F461B43-0232-48A8-8980-DE806D268041}.Debug|Any CPU.Build.0 = Debug|Any CPU
		{2F461B43-0232-48A8-8980-DE806D268041}.Release|Any CPU.ActiveCfg = Release|Any CPU
		{2F461B43-0232-48A8-8980-DE806D268041}.Release|Any CPU.Build.0 = Release|Any CPU
	EndGlobalSection
	GlobalSection(SolutionProperties) = preSolution
		HideSolutionNode = FALSE
	EndGlobalSection
	GlobalSection(ExtensibilityGlobals) = postSolution
		SolutionGuid = {EDAD8028-395D-42F0-815D-3EFB1F621BEF}
	EndGlobalSection
EndGlobal
